
Microsoft Visual Studio Solution File, Format Version 12.00
# Visual Studio Version 17
VisualStudioVersion = 17.1.32421.90
MinimumVisualStudioVersion = 10.0.40219.1
Project("{FAE04EC0-301F-11D3-BF4B-00C04F79EFBC}") = "Ejercicio09.Android", "Ejercicio09\Ejercicio09.Android\Ejercicio09.Android.csproj", "{0B71EEAE-E17B-470A-90A9-EEC008CC6FA4}"
EndProject
Project("{FAE04EC0-301F-11D3-BF4B-00C04F79EFBC}") = "Ejercicio09.iOS", "Ejercicio09\Ejercicio09.iOS\Ejercicio09.iOS.csproj", "{0E806511-3A65-4D35-955C-132C45AEE4E1}"
EndProject
Project("{9A19103F-16F7-4668-BE54-9A1E7A4F7556}") = "Ejercicio09", "Ejercicio09\Ejercicio09\Ejercicio09.csproj", "{53023D51-6116-405D-95C1-38226613C721}"
EndProject
Global
	GlobalSection(SolutionConfigurationPlatforms) = preSolution
		Debug|Any CPU = Debug|Any CPU
		Debug|iPhone = Debug|iPhone
		Debug|iPhoneSimulator = Debug|iPhoneSimulator
		Release|Any CPU = Release|Any CPU
		Release|iPhone = Release|iPhone
		Release|iPhoneSimulator = Release|iPhoneSimulator
	EndGlobalSection
	GlobalSection(ProjectConfigurationPlatforms) = postSolution
		{0B71EEAE-E17B-470A-90A9-EEC008CC6FA4}.Debug|Any CPU.ActiveCfg = Debug|Any CPU
		{0B71EEAE-E17B-470A-90A9-EEC008CC6FA4}.Debug|Any CPU.Build.0 = Debug|Any CPU
		{0B71EEAE-E17B-470A-90A9-EEC008CC6FA4}.Debug|Any CPU.Deploy.0 = Debug|Any CPU
		{0B71EEAE-E17B-470A-90A9-EEC008CC6FA4}.Debug|iPhone.ActiveCfg = Debug|Any CPU
		{0B71EEAE-E17B-470A-90A9-EEC008CC6FA4}.Debug|iPhone.Build.0 = Debug|Any CPU
		{0B71EEAE-E17B-470A-90A9-EEC008CC6FA4}.Debug|iPhone.Deploy.0 = Debug|Any CPU
		{0B71EEAE-E17B-470A-90A9-EEC008CC6FA4}.Debug|iPhoneSimulator.ActiveCfg = Debug|Any CPU
		{0B71EEAE-E17B-470A-90A9-EEC008CC6FA4}.Debug|iPhoneSimulator.Build.0 = Debug|Any CPU
		{0B71EEAE-E17B-470A-90A9-EEC008CC6FA4}.Debug|iPhoneSimulator.Deploy.0 = Debug|Any CPU
		{0B71EEAE-E17B-470A-90A9-EEC008CC6FA4}.Release|Any CPU.ActiveCfg = Release|Any CPU
		{0B71EEAE-E17B-470A-90A9-EEC008CC6FA4}.Release|Any CPU.Build.0 = Release|Any CPU
		{0B71EEAE-E17B-470A-90A9-EEC008CC6FA4}.Release|Any CPU.Deploy.0 = Release|Any CPU
		{0B71EEAE-E17B-470A-90A9-EEC008CC6FA4}.Release|iPhone.ActiveCfg = Release|Any CPU
		{0B71EEAE-E17B-470A-90A9-EEC008CC6FA4}.Release|iPhone.Build.0 = Release|Any CPU
		{0B71EEAE-E17B-470A-90A9-EEC008CC6FA4}.Release|iPhone.Deploy.0 = Release|Any CPU
		{0B71EEAE-E17B-470A-90A9-EEC008CC6FA4}.Release|iPhoneSimulator.ActiveCfg = Release|Any CPU
		{0B71EEAE-E17B-470A-90A9-EEC008CC6FA4}.Release|iPhoneSimulator.Build.0 = Release|Any CPU
		{0B71EEAE-E17B-470A-90A9-EEC008CC6FA4}.Release|iPhoneSimulator.Deploy.0 = Release|Any CPU
		{0E806511-3A65-4D35-955C-132C45AEE4E1}.Debug|Any CPU.ActiveCfg = Debug|iPhone
		{0E806511-3A65-4D35-955C-132C45AEE4E1}.Debug|Any CPU.Build.0 = Debug|iPhone
		{0E806511-3A65-4D35-955C-132C45AEE4E1}.Debug|Any CPU.Deploy.0 = Debug|iPhone
		{0E806511-3A65-4D35-955C-132C45AEE4E1}.Debug|iPhone.ActiveCfg = Debug|iPhone
		{0E806511-3A65-4D35-955C-132C45AEE4E1}.Debug|iPhone.Build.0 = Debug|iPhone
		{0E806511-3A65-4D35-955C-132C45AEE4E1}.Debug|iPhone.Deploy.0 = Debug|iPhone
		{0E806511-3A65-4D35-955C-132C45AEE4E1}.Debug|iPhoneSimulator.ActiveCfg = Debug|iPhoneSimulator
		{0E806511-3A65-4D35-955C-132C45AEE4E1}.Debug|iPhoneSimulator.Build.0 = Debug|iPhoneSimulator
		{0E806511-3A65-4D35-955C-132C45AEE4E1}.Debug|iPhoneSimulator.Deploy.0 = Debug|iPhoneSimulator
		{0E806511-3A65-4D35-955C-132C45AEE4E1}.Release|Any CPU.ActiveCfg = Release|iPhoneSimulator
		{0E806511-3A65-4D35-955C-132C45AEE4E1}.Release|Any CPU.Build.0 = Release|iPhoneSimulator
		{0E806511-3A65-4D35-955C-132C45AEE4E1}.Release|Any CPU.Deploy.0 = Release|iPhoneSimulator
		{0E806511-3A65-4D35-955C-132C45AEE4E1}.Release|iPhone.ActiveCfg = Release|iPhone
		{0E806511-3A65-4D35-955C-132C45AEE4E1}.Release|iPhone.Build.0 = Release|iPhone
		{0E806511-3A65-4D35-955C-132C45AEE4E1}.Release|iPhone.Deploy.0 = Release|iPhone
		{0E806511-3A65-4D35-955C-132C45AEE4E1}.Release|iPhoneSimulator.ActiveCfg = Release|iPhoneSimulator
		{0E806511-3A65-4D35-955C-132C45AEE4E1}.Release|iPhoneSimulator.Build.0 = Release|iPhoneSimulator
		{0E806511-3A65-4D35-955C-132C45AEE4E1}.Release|iPhoneSimulator.Deploy.0 = Release|iPhoneSimulator
		{53023D51-6116-405D-95C1-38226613C721}.Debug|Any CPU.ActiveCfg = Debug|Any CPU
		{53023D51-6116-405D-95C1-38226613C721}.Debug|Any CPU.Build.0 = Debug|Any CPU
		{53023D51-6116-405D-95C1-38226613C721}.Debug|Any CPU.Deploy.0 = Debug|Any CPU
		{53023D51-6116-405D-95C1-38226613C721}.Debug|iPhone.ActiveCfg = Debug|Any CPU
		{53023D51-6116-405D-95C1-38226613C721}.Debug|iPhone.Build.0 = Debug|Any CPU
		{53023D51-6116-405D-95C1-38226613C721}.Debug|iPhone.Deploy.0 = Debug|Any CPU
		{53023D51-6116-405D-95C1-38226613C721}.Debug|iPhoneSimulator.ActiveCfg = Debug|Any CPU
		{53023D51-6116-405D-95C1-38226613C721}.Debug|iPhoneSimulator.Build.0 = Debug|Any CPU
		{53023D51-6116-405D-95C1-38226613C721}.Debug|iPhoneSimulator.Deploy.0 = Debug|Any CPU
		{53023D51-6116-405D-95C1-38226613C721}.Release|Any CPU.ActiveCfg = Release|Any CPU
		{53023D51-6116-405D-95C1-38226613C721}.Release|Any CPU.Build.0 = Release|Any CPU
		{53023D51-6116-405D-95C1-38226613C721}.Release|Any CPU.Deploy.0 = Release|Any CPU
		{53023D51-6116-405D-95C1-38226613C721}.Release|iPhone.ActiveCfg = Release|Any CPU
		{53023D51-6116-405D-95C1-38226613C721}.Release|iPhone.Build.0 = Release|Any CPU
		{53023D51-6116-405D-95C1-38226613C721}.Release|iPhone.Deploy.0 = Release|Any CPU
		{53023D51-6116-405D-95C1-38226613C721}.Release|iPhoneSimulator.ActiveCfg = Release|Any CPU
		{53023D51-6116-405D-95C1-38226613C721}.Release|iPhoneSimulator.Build.0 = Release|Any CPU
		{53023D51-6116-405D-95C1-38226613C721}.Release|iPhoneSimulator.Deploy.0 = Release|Any CPU
	EndGlobalSection
	GlobalSection(SolutionProperties) = preSolution
		HideSolutionNode = FALSE
	EndGlobalSection
	GlobalSection(ExtensibilityGlobals) = postSolution
		SolutionGuid = {FAA391C8-D337-48B2-A8C3-F6C5F21990E0}
	EndGlobalSection
EndGlobal
